
Microsoft Visual Studio Solution File, Format Version 12.00
# Visual Studio Version 17
VisualStudioVersion = 17.6.33712.159
MinimumVisualStudioVersion = 10.0.40219.1
Project("{FAE04EC0-301F-11D3-BF4B-00C04F79EFBC}") = "LV5", "LV5\LV5.csproj", "{547AC863-7023-4934-BCD8-BCB13BD7F686}"
EndProject
Global
	GlobalSection(SolutionConfigurationPlatforms) = preSolution
		Debug|Any CPU = Debug|Any CPU
		Release|Any CPU = Release|Any CPU
	EndGlobalSection
	GlobalSection(ProjectConfigurationPlatforms) = postSolution
		{547AC863-7023-4934-BCD8-BCB13BD7F686}.Debug|Any CPU.ActiveCfg = Debug|Any CPU
		{547AC863-7023-4934-BCD8-BCB13BD7F686}.Debug|Any CPU.Build.0 = Debug|Any CPU
		{547AC863-7023-4934-BCD8-BCB13BD7F686}.Release|Any CPU.ActiveCfg = Release|Any CPU
		{547AC863-7023-4934-BCD8-BCB13BD7F686}.Release|Any CPU.Build.0 = Release|Any CPU
	EndGlobalSection
	GlobalSection(SolutionProperties) = preSolution
		HideSolutionNode = FALSE
	EndGlobalSection
	GlobalSection(ExtensibilityGlobals) = postSolution
		SolutionGuid = {CD4071D3-5769-4010-B710-EB3C80EF31EB}
	EndGlobalSection
EndGlobal
