
Microsoft Visual Studio Solution File, Format Version 12.00
# Visual Studio Version 17
VisualStudioVersion = 17.6.33712.159
MinimumVisualStudioVersion = 10.0.40219.1
Project("{FAE04EC0-301F-11D3-BF4B-00C04F79EFBC}") = "ParniNeparni", "ParniNeparni\ParniNeparni.csproj", "{64FA2F1D-3556-4A80-A7C1-54B93C4C7A11}"
EndProject
Global
	GlobalSection(SolutionConfigurationPlatforms) = preSolution
		Debug|Any CPU = Debug|Any CPU
		Release|Any CPU = Release|Any CPU
	EndGlobalSection
	GlobalSection(ProjectConfigurationPlatforms) = postSolution
		{64FA2F1D-3556-4A80-A7C1-54B93C4C7A11}.Debug|Any CPU.ActiveCfg = Debug|Any CPU
		{64FA2F1D-3556-4A80-A7C1-54B93C4C7A11}.Debug|Any CPU.Build.0 = Debug|Any CPU
		{64FA2F1D-3556-4A80-A7C1-54B93C4C7A11}.Release|Any CPU.ActiveCfg = Release|Any CPU
		{64FA2F1D-3556-4A80-A7C1-54B93C4C7A11}.Release|Any CPU.Build.0 = Release|Any CPU
	EndGlobalSection
	GlobalSection(SolutionProperties) = preSolution
		HideSolutionNode = FALSE
	EndGlobalSection
	GlobalSection(ExtensibilityGlobals) = postSolution
		SolutionGuid = {CDB0D4AF-C4BA-47BE-94E5-C4EBD8B0E340}
	EndGlobalSection
EndGlobal
