
Microsoft Visual Studio Solution File, Format Version 12.00
# Visual Studio Version 17
VisualStudioVersion = 17.6.33712.159
MinimumVisualStudioVersion = 10.0.40219.1
Project("{FAE04EC0-301F-11D3-BF4B-00C04F79EFBC}") = "ToSortedArray", "ToSortedArray\ToSortedArray.csproj", "{3FB5B898-0849-4793-B389-6072D1633323}"
EndProject
Global
	GlobalSection(SolutionConfigurationPlatforms) = preSolution
		Debug|Any CPU = Debug|Any CPU
		Release|Any CPU = Release|Any CPU
	EndGlobalSection
	GlobalSection(ProjectConfigurationPlatforms) = postSolution
		{3FB5B898-0849-4793-B389-6072D1633323}.Debug|Any CPU.ActiveCfg = Debug|Any CPU
		{3FB5B898-0849-4793-B389-6072D1633323}.Debug|Any CPU.Build.0 = Debug|Any CPU
		{3FB5B898-0849-4793-B389-6072D1633323}.Release|Any CPU.ActiveCfg = Release|Any CPU
		{3FB5B898-0849-4793-B389-6072D1633323}.Release|Any CPU.Build.0 = Release|Any CPU
	EndGlobalSection
	GlobalSection(SolutionProperties) = preSolution
		HideSolutionNode = FALSE
	EndGlobalSection
	GlobalSection(ExtensibilityGlobals) = postSolution
		SolutionGuid = {9C49F1BF-D1BF-414C-B8E2-43085075F565}
	EndGlobalSection
EndGlobal
